# This file is automatically @generated by Cargo.
# It is not intended for manual editing.
version = 4

[[package]]
name = "dray-api"
version = "0.1.0"
dependencies = [
 "dray-core",
 "dray-store",
]

[[package]]
name = "dray-cli"
version = "0.1.0"
dependencies = [
 "dray-core",
 "dray-store",
]

[[package]]
name = "dray-core"
version = "0.1.0"

[[package]]
name = "dray-relayer"
version = "0.1.0"
dependencies = [
 "dray-core",
 "dray-store",
]

[[package]]
name = "dray-store"
version = "0.1.0"
dependencies = [
 "dray-core",
]

[[package]]
name = "dray-worker"
version = "0.1.0"
dependencies = [
 "dray-core",
 "dray-store",
]
